%{"flow": {:hex, :flow, "0.11.1", "cbc35a0236520cc5fec7b5863cd8431cb1e77297c5c9119055676355eb1fb5a6", [:mix], [{:gen_stage, "~> 0.11.0", [hex: :gen_stage, optional: false]}]},
  "gen_stage": {:hex, :gen_stage, "0.11.0", "943bdfa85c75fa624e0a36a9d135baad20a523be040178f5a215444b45c66ea4", [:mix], []}}
